{
  "name": "tamp-test",
  "lockfileVersion": 2,
  "requires": true,
  "packages": {
    "": {
      "devDependencies": {
        "@types/jquery": "^3.5.29"
      }
    },
    "node_modules/.store/@types+jquery@3.5.29": {
      "dev": true
    },
    "node_modules/.store/@types+jquery@3.5.29/node_modules/@types/jquery": {
      "version": "3.5.29",
      "dev": true,
      "license": "MIT",
      "dependencies": {
        "@types/sizzle": "*"
      }
    },
    "node_modules/.store/@types+jquery@3.5.29/node_modules/@types/sizzle": {
      "resolved": "node_modules/.store/@types+sizzle@2.3.8/node_modules/@types/sizzle",
      "link": true
    },
    "node_modules/.store/@types+lodash@4.17.0/node_modules/@types/lodash": {
      "version": "4.17.0",
      "extraneous": true,
      "license": "MIT"
    },
    "node_modules/.store/@types+sizzle@2.3.8/node_modules/@types/sizzle": {
      "version": "2.3.8",
      "dev": true,
      "license": "MIT"
    },
    "node_modules/@types/jquery": {
      "resolved": "node_modules/.store/@types+jquery@3.5.29/node_modules/@types/jquery",
      "link": true
    }
  },
  "dependencies": {
    "@types/jquery": {
      "version": "file:node_modules/.store/@types+jquery@3.5.29/node_modules/@types/jquery",
      "requires": {
        "@types/sizzle": "*"
      }
    }
  }
}
